{
  "name": "miniprogram",
  "version": "1.0.0",
  "lockfileVersion": 1,
  "requires": true,
  "dependencies": {
    "lin-ui": {
      "version": "0.5.14",
      "resolved": "https://registry.npm.taobao.org/lin-ui/download/lin-ui-0.5.14.tgz",
      "integrity": "sha1-cA5RUhC1eWZPOs3SppBKI3qmW6s="
    }
  }
}
